
Microsoft Visual Studio Solution File, Format Version 12.00
# Visual Studio Version 16
VisualStudioVersion = 16.0.30524.135
MinimumVisualStudioVersion = 10.0.40219.1
Project("{9A19103F-16F7-4668-BE54-9A1E7A4F7556}") = "LogModule", "LogModule.csproj", "{5BD9B11F-1D9B-4BDA-903A-8C4C5BF2AE84}"
EndProject
Project("{FAE04EC0-301F-11D3-BF4B-00C04F79EFBC}") = "LogModule.UnitTests", "Tests\Unit\LogModule.UnitTests\LogModule.UnitTests.csproj", "{D3C69336-EDFD-4BEB-BAA0-6A3756E4C615}"
EndProject
Global
	GlobalSection(SolutionConfigurationPlatforms) = preSolution
		Debug|Any CPU = Debug|Any CPU
		Release|Any CPU = Release|Any CPU
	EndGlobalSection
	GlobalSection(ProjectConfigurationPlatforms) = postSolution
		{5BD9B11F-1D9B-4BDA-903A-8C4C5BF2AE84}.Debug|Any CPU.ActiveCfg = Debug|Any CPU
		{5BD9B11F-1D9B-4BDA-903A-8C4C5BF2AE84}.Debug|Any CPU.Build.0 = Debug|Any CPU
		{5BD9B11F-1D9B-4BDA-903A-8C4C5BF2AE84}.Release|Any CPU.ActiveCfg = Release|Any CPU
		{5BD9B11F-1D9B-4BDA-903A-8C4C5BF2AE84}.Release|Any CPU.Build.0 = Release|Any CPU
		{D3C69336-EDFD-4BEB-BAA0-6A3756E4C615}.Debug|Any CPU.ActiveCfg = Debug|Any CPU
		{D3C69336-EDFD-4BEB-BAA0-6A3756E4C615}.Debug|Any CPU.Build.0 = Debug|Any CPU
		{D3C69336-EDFD-4BEB-BAA0-6A3756E4C615}.Release|Any CPU.ActiveCfg = Release|Any CPU
		{D3C69336-EDFD-4BEB-BAA0-6A3756E4C615}.Release|Any CPU.Build.0 = Release|Any CPU
	EndGlobalSection
	GlobalSection(SolutionProperties) = preSolution
		HideSolutionNode = FALSE
	EndGlobalSection
	GlobalSection(ExtensibilityGlobals) = postSolution
		SolutionGuid = {6AA30150-7186-4303-AD15-A644F0093387}
	EndGlobalSection
EndGlobal
